
Microsoft Visual Studio Solution File, Format Version 12.00
# Visual Studio Version 17
VisualStudioVersion = 17.8.34322.80
MinimumVisualStudioVersion = 10.0.40219.1
Project("{FAE04EC0-301F-11D3-BF4B-00C04F79EFBC}") = "Day1", "Day1\Day1.csproj", "{DF1A8E6D-CD79-4F1B-821A-9F0A189F9873}"
EndProject
Project("{FAE04EC0-301F-11D3-BF4B-00C04F79EFBC}") = "Day2", "Day2\Day2.csproj", "{22339F1A-AEA3-486D-8CA8-AAA9DE3D1A51}"
EndProject
Project("{FAE04EC0-301F-11D3-BF4B-00C04F79EFBC}") = "Day3", "Day3\Day3.csproj", "{E3A0DDF0-60E8-4FCF-8703-1CB0E2882C43}"
EndProject
Project("{FAE04EC0-301F-11D3-BF4B-00C04F79EFBC}") = "Day4", "Day4\Day4.csproj", "{180AC43B-3E96-4367-8F39-BA0CA079914A}"
EndProject
Project("{FAE04EC0-301F-11D3-BF4B-00C04F79EFBC}") = "Day5", "Day5\Day5.csproj", "{88D0CB86-E80B-4AB8-A1D8-A36FFA342213}"
EndProject
Project("{FAE04EC0-301F-11D3-BF4B-00C04F79EFBC}") = "Day6", "Day6\Day6.csproj", "{8ECBDB67-C620-40DC-95A2-7F2B57537320}"
EndProject
Project("{FAE04EC0-301F-11D3-BF4B-00C04F79EFBC}") = "Day7", "Day7\Day7.csproj", "{1DAD7483-0A1F-437B-81D7-EFAB5D292C12}"
EndProject
Project("{FAE04EC0-301F-11D3-BF4B-00C04F79EFBC}") = "Day8", "Day8\Day8.csproj", "{7CA24659-EE67-4F90-B37C-B6D0C3E217D6}"
EndProject
Global
	GlobalSection(SolutionConfigurationPlatforms) = preSolution
		Debug|Any CPU = Debug|Any CPU
		Release|Any CPU = Release|Any CPU
	EndGlobalSection
	GlobalSection(ProjectConfigurationPlatforms) = postSolution
		{DF1A8E6D-CD79-4F1B-821A-9F0A189F9873}.Debug|Any CPU.ActiveCfg = Debug|Any CPU
		{DF1A8E6D-CD79-4F1B-821A-9F0A189F9873}.Debug|Any CPU.Build.0 = Debug|Any CPU
		{DF1A8E6D-CD79-4F1B-821A-9F0A189F9873}.Release|Any CPU.ActiveCfg = Release|Any CPU
		{DF1A8E6D-CD79-4F1B-821A-9F0A189F9873}.Release|Any CPU.Build.0 = Release|Any CPU
		{22339F1A-AEA3-486D-8CA8-AAA9DE3D1A51}.Debug|Any CPU.ActiveCfg = Debug|Any CPU
		{22339F1A-AEA3-486D-8CA8-AAA9DE3D1A51}.Debug|Any CPU.Build.0 = Debug|Any CPU
		{22339F1A-AEA3-486D-8CA8-AAA9DE3D1A51}.Release|Any CPU.ActiveCfg = Release|Any CPU
		{22339F1A-AEA3-486D-8CA8-AAA9DE3D1A51}.Release|Any CPU.Build.0 = Release|Any CPU
		{E3A0DDF0-60E8-4FCF-8703-1CB0E2882C43}.Debug|Any CPU.ActiveCfg = Debug|Any CPU
		{E3A0DDF0-60E8-4FCF-8703-1CB0E2882C43}.Debug|Any CPU.Build.0 = Debug|Any CPU
		{E3A0DDF0-60E8-4FCF-8703-1CB0E2882C43}.Release|Any CPU.ActiveCfg = Release|Any CPU
		{E3A0DDF0-60E8-4FCF-8703-1CB0E2882C43}.Release|Any CPU.Build.0 = Release|Any CPU
		{180AC43B-3E96-4367-8F39-BA0CA079914A}.Debug|Any CPU.ActiveCfg = Debug|Any CPU
		{180AC43B-3E96-4367-8F39-BA0CA079914A}.Debug|Any CPU.Build.0 = Debug|Any CPU
		{180AC43B-3E96-4367-8F39-BA0CA079914A}.Release|Any CPU.ActiveCfg = Release|Any CPU
		{180AC43B-3E96-4367-8F39-BA0CA079914A}.Release|Any CPU.Build.0 = Release|Any CPU
		{88D0CB86-E80B-4AB8-A1D8-A36FFA342213}.Debug|Any CPU.ActiveCfg = Debug|Any CPU
		{88D0CB86-E80B-4AB8-A1D8-A36FFA342213}.Debug|Any CPU.Build.0 = Debug|Any CPU
		{88D0CB86-E80B-4AB8-A1D8-A36FFA342213}.Release|Any CPU.ActiveCfg = Release|Any CPU
		{88D0CB86-E80B-4AB8-A1D8-A36FFA342213}.Release|Any CPU.Build.0 = Release|Any CPU
		{8ECBDB67-C620-40DC-95A2-7F2B57537320}.Debug|Any CPU.ActiveCfg = Debug|Any CPU
		{8ECBDB67-C620-40DC-95A2-7F2B57537320}.Debug|Any CPU.Build.0 = Debug|Any CPU
		{8ECBDB67-C620-40DC-95A2-7F2B57537320}.Release|Any CPU.ActiveCfg = Release|Any CPU
		{8ECBDB67-C620-40DC-95A2-7F2B57537320}.Release|Any CPU.Build.0 = Release|Any CPU
		{1DAD7483-0A1F-437B-81D7-EFAB5D292C12}.Debug|Any CPU.ActiveCfg = Debug|Any CPU
		{1DAD7483-0A1F-437B-81D7-EFAB5D292C12}.Debug|Any CPU.Build.0 = Debug|Any CPU
		{1DAD7483-0A1F-437B-81D7-EFAB5D292C12}.Release|Any CPU.ActiveCfg = Release|Any CPU
		{1DAD7483-0A1F-437B-81D7-EFAB5D292C12}.Release|Any CPU.Build.0 = Release|Any CPU
		{7CA24659-EE67-4F90-B37C-B6D0C3E217D6}.Debug|Any CPU.ActiveCfg = Debug|Any CPU
		{7CA24659-EE67-4F90-B37C-B6D0C3E217D6}.Debug|Any CPU.Build.0 = Debug|Any CPU
		{7CA24659-EE67-4F90-B37C-B6D0C3E217D6}.Release|Any CPU.ActiveCfg = Release|Any CPU
		{7CA24659-EE67-4F90-B37C-B6D0C3E217D6}.Release|Any CPU.Build.0 = Release|Any CPU
	EndGlobalSection
	GlobalSection(SolutionProperties) = preSolution
		HideSolutionNode = FALSE
	EndGlobalSection
	GlobalSection(ExtensibilityGlobals) = postSolution
		SolutionGuid = {C2E9D6B1-A7A7-49C1-904C-6623DECF5C96}
	EndGlobalSection
EndGlobal
